// !$*UTF8*$!
{
	archiveVersion = 1;
	classes = {
	};
	objectVersion = 55;
	objects = {

/* Begin PBXBuildFile section */
		4915C3A72AC6A24200B60D1D /* KeybindingSettings.swift in Sources */ = {isa = PBXBuildFile; fileRef = 4915C3A62AC6A24200B60D1D /* KeybindingSettings.swift */; };
		4915C3A92AC6A86F00B60D1D /* SettingsBarItem.swift in Sources */ = {isa = PBXBuildFile; fileRef = 4915C3A82AC6A86F00B60D1D /* SettingsBarItem.swift */; };
		4915C3AB2AC7636F00B60D1D /* InstancesSettings.swift in Sources */ = {isa = PBXBuildFile; fileRef = 4915C3AA2AC7636F00B60D1D /* InstancesSettings.swift */; };
		493A122C2B88723D009BE0B3 /* KeybindingManager.swift in Sources */ = {isa = PBXBuildFile; fileRef = 493A122B2B88723D009BE0B3 /* KeybindingManager.swift */; };
		493A122F2B88FAA0009BE0B3 /* KeybindingView.swift in Sources */ = {isa = PBXBuildFile; fileRef = 493A122E2B88FAA0009BE0B3 /* KeybindingView.swift */; };
		496442152AC3467B0074245C /* See.swift in Sources */ = {isa = PBXBuildFile; fileRef = 496442142AC3467B0074245C /* See.swift */; };
		498FB3CC28987F5B00405753 /* SlackowWallApp.swift in Sources */ = {isa = PBXBuildFile; fileRef = 498FB3CB28987F5B00405753 /* SlackowWallApp.swift */; };
		498FB3CE28987F5B00405753 /* ContentView.swift in Sources */ = {isa = PBXBuildFile; fileRef = 498FB3CD28987F5B00405753 /* ContentView.swift */; };
		498FB3D028987F5E00405753 /* Assets.xcassets in Resources */ = {isa = PBXBuildFile; fileRef = 498FB3CF28987F5E00405753 /* Assets.xcassets */; };
		498FB3D328987F5E00405753 /* Preview Assets.xcassets in Resources */ = {isa = PBXBuildFile; fileRef = 498FB3D228987F5E00405753 /* Preview Assets.xcassets */; };
		498FB3DE289A65B000405753 /* Constants.swift in Sources */ = {isa = PBXBuildFile; fileRef = 498FB3DD289A65B000405753 /* Constants.swift */; };
		6D8A7183DE266313FBD84A7F /* Alignment.swift in Sources */ = {isa = PBXBuildFile; fileRef = 6D8A723DF9C8AD7D30AC21AF /* Alignment.swift */; };
		6D8A72A43936AFAEFF91FCF9 /* InstanceInfo.swift in Sources */ = {isa = PBXBuildFile; fileRef = 6D8A71655654992BE658F2A9 /* InstanceInfo.swift */; };
		6D8A7407BACFD24632EAEAF6 /* InstanceState.swift in Sources */ = {isa = PBXBuildFile; fileRef = 6D8A71CE6E9F886E357962A3 /* InstanceState.swift */; };
		6D8A74485D326CF633CE55DE /* RoundedCorners.swift in Sources */ = {isa = PBXBuildFile; fileRef = 6D8A7481D1D9FE0A05D502EC /* RoundedCorners.swift */; };
		6D8A76DD802153F673BCCB60 /* SoundManager.swift in Sources */ = {isa = PBXBuildFile; fileRef = 6D8A790289C5B8E8251D1E31 /* SoundManager.swift */; };
		6D8A792C702E9F4144B9784E /* AppDefaults.swift in Sources */ = {isa = PBXBuildFile; fileRef = 6D8A7FF774411F3A75B85093 /* AppDefaults.swift */; };
		6D8A799228DD26E62A8CBE16 /* PreviewShortcutListener.swift in Sources */ = {isa = PBXBuildFile; fileRef = 6D8A718314BED92CCAE7DD5C /* PreviewShortcutListener.swift */; };
		6D8A79A5A9E467B05B05C742 /* PreviewViewModel.swift in Sources */ = {isa = PBXBuildFile; fileRef = 6D8A733BE10C0A7DC11C7BCF /* PreviewViewModel.swift */; };
		6D8A7BB4FE451CD07D66619E /* click.mp3 in Resources */ = {isa = PBXBuildFile; fileRef = 6D8A7AF390F8EAAD3C1D7FA2 /* click.mp3 */; };
		6D8A7C560BB403B8F8251B8D /* ShortcutManager.swift in Sources */ = {isa = PBXBuildFile; fileRef = 6D8A77391AD6F3FC7C4C3F67 /* ShortcutManager.swift */; };
		6D8A7F78665C71106EE9F8CA /* OBSManager.swift in Sources */ = {isa = PBXBuildFile; fileRef = 6D8A7EB6382B6AEC9A3FF7EF /* OBSManager.swift */; };
		ABC3540DB7308CEE9DC58EE2 /* reset.wav in Resources */ = {isa = PBXBuildFile; fileRef = ABC3560871D767D88573C301 /* reset.wav */; };
		ABC355CBA8307F06A7D5A4EE /* lock.wav in Resources */ = {isa = PBXBuildFile; fileRef = ABC35D404984DCF48AD8261C /* lock.wav */; };
		B63168C52979AE95005958E9 /* PreviewActionsListener.swift in Sources */ = {isa = PBXBuildFile; fileRef = B63168C42979AE95005958E9 /* PreviewActionsListener.swift */; };
		B63168C72979E8D7005958E9 /* SettingsCardView.swift in Sources */ = {isa = PBXBuildFile; fileRef = B63168C62979E8D7005958E9 /* SettingsCardView.swift */; };
		B637DB38296B965D00A73F62 /* SettingsView.swift in Sources */ = {isa = PBXBuildFile; fileRef = B637DB37296B965D00A73F62 /* SettingsView.swift */; };
		B640D52D296F2D7B005041CC /* InstancePreviewView.swift in Sources */ = {isa = PBXBuildFile; fileRef = B640D52C296F2D7B005041CC /* InstancePreviewView.swift */; };
		B6E9E36E2970A42D00DF6466 /* ScreenRecorder.swift in Sources */ = {isa = PBXBuildFile; fileRef = B6E9E36D2970A42D00DF6466 /* ScreenRecorder.swift */; };
		B6E9E3702970A52E00DF6466 /* CapturePreview.swift in Sources */ = {isa = PBXBuildFile; fileRef = B6E9E36F2970A52E00DF6466 /* CapturePreview.swift */; };
		B6E9E3722970A55800DF6466 /* CaptureEngine.swift in Sources */ = {isa = PBXBuildFile; fileRef = B6E9E3712970A55800DF6466 /* CaptureEngine.swift */; };
/* End PBXBuildFile section */

/* Begin PBXFileReference section */
		490131CA2AA4C23700CE32A5 /* .gitignore */ = {isa = PBXFileReference; lastKnownFileType = text; path = .gitignore; sourceTree = "<group>"; };
		4915C3A62AC6A24200B60D1D /* KeybindingSettings.swift */ = {isa = PBXFileReference; lastKnownFileType = sourcecode.swift; path = KeybindingSettings.swift; sourceTree = "<group>"; };
		4915C3A82AC6A86F00B60D1D /* SettingsBarItem.swift */ = {isa = PBXFileReference; lastKnownFileType = sourcecode.swift; path = SettingsBarItem.swift; sourceTree = "<group>"; };
		4915C3AA2AC7636F00B60D1D /* InstancesSettings.swift */ = {isa = PBXFileReference; lastKnownFileType = sourcecode.swift; path = InstancesSettings.swift; sourceTree = "<group>"; };
		493A122B2B88723D009BE0B3 /* KeybindingManager.swift */ = {isa = PBXFileReference; lastKnownFileType = sourcecode.swift; path = KeybindingManager.swift; sourceTree = "<group>"; };
		493A122E2B88FAA0009BE0B3 /* KeybindingView.swift */ = {isa = PBXFileReference; lastKnownFileType = sourcecode.swift; path = KeybindingView.swift; sourceTree = "<group>"; };
		496442142AC3467B0074245C /* See.swift */ = {isa = PBXFileReference; lastKnownFileType = sourcecode.swift; path = See.swift; sourceTree = "<group>"; };
		498FB3C828987F5B00405753 /* SlackowWall.app */ = {isa = PBXFileReference; explicitFileType = wrapper.application; includeInIndex = 0; path = SlackowWall.app; sourceTree = BUILT_PRODUCTS_DIR; };
		498FB3CB28987F5B00405753 /* SlackowWallApp.swift */ = {isa = PBXFileReference; lastKnownFileType = sourcecode.swift; path = SlackowWallApp.swift; sourceTree = "<group>"; };
		498FB3CD28987F5B00405753 /* ContentView.swift */ = {isa = PBXFileReference; lastKnownFileType = sourcecode.swift; path = ContentView.swift; sourceTree = "<group>"; };
		498FB3CF28987F5E00405753 /* Assets.xcassets */ = {isa = PBXFileReference; lastKnownFileType = folder.assetcatalog; path = Assets.xcassets; sourceTree = "<group>"; };
		498FB3D228987F5E00405753 /* Preview Assets.xcassets */ = {isa = PBXFileReference; lastKnownFileType = folder.assetcatalog; path = "Preview Assets.xcassets"; sourceTree = "<group>"; };
		498FB3D428987F5E00405753 /* SlackowWall.entitlements */ = {isa = PBXFileReference; lastKnownFileType = text.plist.entitlements; path = SlackowWall.entitlements; sourceTree = "<group>"; };
		498FB3DD289A65B000405753 /* Constants.swift */ = {isa = PBXFileReference; lastKnownFileType = sourcecode.swift; path = Constants.swift; sourceTree = "<group>"; };
		6D8A71655654992BE658F2A9 /* InstanceInfo.swift */ = {isa = PBXFileReference; fileEncoding = 4; lastKnownFileType = sourcecode.swift; path = InstanceInfo.swift; sourceTree = "<group>"; };
		6D8A718314BED92CCAE7DD5C /* PreviewShortcutListener.swift */ = {isa = PBXFileReference; fileEncoding = 4; lastKnownFileType = sourcecode.swift; path = PreviewShortcutListener.swift; sourceTree = "<group>"; };
		6D8A71CE6E9F886E357962A3 /* InstanceState.swift */ = {isa = PBXFileReference; fileEncoding = 4; lastKnownFileType = sourcecode.swift; path = InstanceState.swift; sourceTree = "<group>"; };
		6D8A723DF9C8AD7D30AC21AF /* Alignment.swift */ = {isa = PBXFileReference; fileEncoding = 4; lastKnownFileType = sourcecode.swift; path = Alignment.swift; sourceTree = "<group>"; };
		6D8A733BE10C0A7DC11C7BCF /* PreviewViewModel.swift */ = {isa = PBXFileReference; fileEncoding = 4; lastKnownFileType = sourcecode.swift; path = PreviewViewModel.swift; sourceTree = "<group>"; };
		6D8A7481D1D9FE0A05D502EC /* RoundedCorners.swift */ = {isa = PBXFileReference; fileEncoding = 4; lastKnownFileType = sourcecode.swift; path = RoundedCorners.swift; sourceTree = "<group>"; };
		6D8A77391AD6F3FC7C4C3F67 /* ShortcutManager.swift */ = {isa = PBXFileReference; fileEncoding = 4; lastKnownFileType = sourcecode.swift; path = ShortcutManager.swift; sourceTree = "<group>"; };
		6D8A790289C5B8E8251D1E31 /* SoundManager.swift */ = {isa = PBXFileReference; fileEncoding = 4; lastKnownFileType = sourcecode.swift; path = SoundManager.swift; sourceTree = "<group>"; };
		6D8A7AF390F8EAAD3C1D7FA2 /* click.mp3 */ = {isa = PBXFileReference; lastKnownFileType = audio.mp3; path = click.mp3; sourceTree = "<group>"; };
		6D8A7EB6382B6AEC9A3FF7EF /* OBSManager.swift */ = {isa = PBXFileReference; fileEncoding = 4; lastKnownFileType = sourcecode.swift; path = OBSManager.swift; sourceTree = "<group>"; };
		6D8A7FF774411F3A75B85093 /* AppDefaults.swift */ = {isa = PBXFileReference; fileEncoding = 4; lastKnownFileType = sourcecode.swift; path = AppDefaults.swift; sourceTree = "<group>"; };
		ABC3560871D767D88573C301 /* reset.wav */ = {isa = PBXFileReference; lastKnownFileType = audio.wav; path = reset.wav; sourceTree = "<group>"; };
		ABC35D404984DCF48AD8261C /* lock.wav */ = {isa = PBXFileReference; lastKnownFileType = audio.wav; path = lock.wav; sourceTree = "<group>"; };
		B63168C42979AE95005958E9 /* PreviewActionsListener.swift */ = {isa = PBXFileReference; lastKnownFileType = sourcecode.swift; path = PreviewActionsListener.swift; sourceTree = "<group>"; };
		B63168C62979E8D7005958E9 /* SettingsCardView.swift */ = {isa = PBXFileReference; lastKnownFileType = sourcecode.swift; path = SettingsCardView.swift; sourceTree = "<group>"; };
		B637DB37296B965D00A73F62 /* SettingsView.swift */ = {isa = PBXFileReference; lastKnownFileType = sourcecode.swift; path = SettingsView.swift; sourceTree = "<group>"; };
		B640D52C296F2D7B005041CC /* InstancePreviewView.swift */ = {isa = PBXFileReference; lastKnownFileType = sourcecode.swift; path = InstancePreviewView.swift; sourceTree = "<group>"; };
		B6E9E36D2970A42D00DF6466 /* ScreenRecorder.swift */ = {isa = PBXFileReference; lastKnownFileType = sourcecode.swift; path = ScreenRecorder.swift; sourceTree = "<group>"; };
		B6E9E36F2970A52E00DF6466 /* CapturePreview.swift */ = {isa = PBXFileReference; lastKnownFileType = sourcecode.swift; path = CapturePreview.swift; sourceTree = "<group>"; };
		B6E9E3712970A55800DF6466 /* CaptureEngine.swift */ = {isa = PBXFileReference; lastKnownFileType = sourcecode.swift; path = CaptureEngine.swift; sourceTree = "<group>"; };
/* End PBXFileReference section */

/* Begin PBXFrameworksBuildPhase section */
		498FB3C528987F5B00405753 /* Frameworks */ = {
			isa = PBXFrameworksBuildPhase;
			buildActionMask = 2147483647;
			files = (
			);
			runOnlyForDeploymentPostprocessing = 0;
		};
/* End PBXFrameworksBuildPhase section */

/* Begin PBXGroup section */
		493A122D2B887253009BE0B3 /* keybindings */ = {
			isa = PBXGroup;
			children = (
				493A122B2B88723D009BE0B3 /* KeybindingManager.swift */,
			);
			path = keybindings;
			sourceTree = "<group>";
		};
		498FB3BF28987F5B00405753 = {
			isa = PBXGroup;
			children = (
				490131CA2AA4C23700CE32A5 /* .gitignore */,
				498FB3CA28987F5B00405753 /* SlackowWall */,
				498FB3C928987F5B00405753 /* Products */,
			);
			sourceTree = "<group>";
		};
		498FB3C928987F5B00405753 /* Products */ = {
			isa = PBXGroup;
			children = (
				498FB3C828987F5B00405753 /* SlackowWall.app */,
			);
			name = Products;
			sourceTree = "<group>";
		};
		498FB3CA28987F5B00405753 /* SlackowWall */ = {
			isa = PBXGroup;
			children = (
				493A122D2B887253009BE0B3 /* keybindings */,
				B637DB33296B944600A73F62 /* ViewModels */,
				B637DB32296B943F00A73F62 /* Views */,
				498FB3CB28987F5B00405753 /* SlackowWallApp.swift */,
				6D8A7698C6B048C2DFC88968 /* Audio */,
				498FB3CF28987F5E00405753 /* Assets.xcassets */,
				498FB3D428987F5E00405753 /* SlackowWall.entitlements */,
				498FB3D128987F5E00405753 /* Preview Content */,
				6D8A7790675806E7F6736FEA /* Enums */,
				6D8A7F0DB70FB31BFFA7392F /* Models */,
			);
			path = SlackowWall;
			sourceTree = "<group>";
		};
		498FB3D128987F5E00405753 /* Preview Content */ = {
			isa = PBXGroup;
			children = (
				498FB3D228987F5E00405753 /* Preview Assets.xcassets */,
			);
			path = "Preview Content";
			sourceTree = "<group>";
		};
		6D8A75D3D62A87820D43CC07 /* Managers */ = {
			isa = PBXGroup;
			children = (
				6D8A77391AD6F3FC7C4C3F67 /* ShortcutManager.swift */,
				6D8A790289C5B8E8251D1E31 /* SoundManager.swift */,
				6D8A7EB6382B6AEC9A3FF7EF /* OBSManager.swift */,
			);
			path = Managers;
			sourceTree = "<group>";
		};
		6D8A7698C6B048C2DFC88968 /* Audio */ = {
			isa = PBXGroup;
			children = (
				6D8A7AF390F8EAAD3C1D7FA2 /* click.mp3 */,
				ABC35D404984DCF48AD8261C /* lock.wav */,
				ABC3560871D767D88573C301 /* reset.wav */,
			);
			path = Audio;
			sourceTree = "<group>";
		};
		6D8A7790675806E7F6736FEA /* Enums */ = {
			isa = PBXGroup;
			children = (
				6D8A723DF9C8AD7D30AC21AF /* Alignment.swift */,
				6D8A71CE6E9F886E357962A3 /* InstanceState.swift */,
			);
			path = Enums;
			sourceTree = "<group>";
		};
		6D8A7CD95EC5A35CD5A8E399 /* Components */ = {
			isa = PBXGroup;
			children = (
				6D8A7481D1D9FE0A05D502EC /* RoundedCorners.swift */,
				B63168C42979AE95005958E9 /* PreviewActionsListener.swift */,
				6D8A718314BED92CCAE7DD5C /* PreviewShortcutListener.swift */,
			);
			path = Components;
			sourceTree = "<group>";
		};
		6D8A7F0DB70FB31BFFA7392F /* Models */ = {
			isa = PBXGroup;
			children = (
				6D8A71655654992BE658F2A9 /* InstanceInfo.swift */,
			);
			path = Models;
			sourceTree = "<group>";
		};
		B637DB32296B943F00A73F62 /* Views */ = {
			isa = PBXGroup;
			children = (
				B640D52B296F2D65005041CC /* InstancePreview */,
				B637DB36296B964F00A73F62 /* Settings */,
				498FB3CD28987F5B00405753 /* ContentView.swift */,
				6D8A7CD95EC5A35CD5A8E399 /* Components */,
			);
			path = Views;
			sourceTree = "<group>";
		};
		B637DB33296B944600A73F62 /* ViewModels */ = {
			isa = PBXGroup;
			children = (
				B6E9E36C2970A41E00DF6466 /* ScreenCapture */,
				498FB3DD289A65B000405753 /* Constants.swift */,
				6D8A733BE10C0A7DC11C7BCF /* PreviewViewModel.swift */,
				6D8A75D3D62A87820D43CC07 /* Managers */,
				6D8A7FF774411F3A75B85093 /* AppDefaults.swift */,
				496442142AC3467B0074245C /* See.swift */,
			);
			path = ViewModels;
			sourceTree = "<group>";
		};
		B637DB36296B964F00A73F62 /* Settings */ = {
			isa = PBXGroup;
			children = (
				B637DB37296B965D00A73F62 /* SettingsView.swift */,
				B63168C62979E8D7005958E9 /* SettingsCardView.swift */,
				4915C3A62AC6A24200B60D1D /* KeybindingSettings.swift */,
				4915C3A82AC6A86F00B60D1D /* SettingsBarItem.swift */,
				4915C3AA2AC7636F00B60D1D /* InstancesSettings.swift */,
				493A122E2B88FAA0009BE0B3 /* KeybindingView.swift */,
			);
			path = Settings;
			sourceTree = "<group>";
		};
		B640D52B296F2D65005041CC /* InstancePreview */ = {
			isa = PBXGroup;
			children = (
				B640D52C296F2D7B005041CC /* InstancePreviewView.swift */,
				B6E9E36F2970A52E00DF6466 /* CapturePreview.swift */,
			);
			path = InstancePreview;
			sourceTree = "<group>";
		};
		B6E9E36C2970A41E00DF6466 /* ScreenCapture */ = {
			isa = PBXGroup;
			children = (
				B6E9E36D2970A42D00DF6466 /* ScreenRecorder.swift */,
				B6E9E3712970A55800DF6466 /* CaptureEngine.swift */,
			);
			path = ScreenCapture;
			sourceTree = "<group>";
		};
/* End PBXGroup section */

/* Begin PBXNativeTarget section */
		498FB3C728987F5B00405753 /* SlackowWall */ = {
			isa = PBXNativeTarget;
			buildConfigurationList = 498FB3D728987F5E00405753 /* Build configuration list for PBXNativeTarget "SlackowWall" */;
			buildPhases = (
				498FB3C428987F5B00405753 /* Sources */,
				498FB3C528987F5B00405753 /* Frameworks */,
				498FB3C628987F5B00405753 /* Resources */,
			);
			buildRules = (
			);
			dependencies = (
			);
			name = SlackowWall;
			packageProductDependencies = (
			);
			productName = SlackowWall;
			productReference = 498FB3C828987F5B00405753 /* SlackowWall.app */;
			productType = "com.apple.product-type.application";
		};
/* End PBXNativeTarget section */

/* Begin PBXProject section */
		498FB3C028987F5B00405753 /* Project object */ = {
			isa = PBXProject;
			attributes = {
				BuildIndependentTargetsInParallel = 1;
				LastSwiftUpdateCheck = 1340;
				LastUpgradeCheck = 1500;
				TargetAttributes = {
					498FB3C728987F5B00405753 = {
						CreatedOnToolsVersion = 13.4.1;
					};
				};
			};
			buildConfigurationList = 498FB3C328987F5B00405753 /* Build configuration list for PBXProject "SlackowWall" */;
			compatibilityVersion = "Xcode 13.0";
			developmentRegion = en;
			hasScannedForEncodings = 0;
			knownRegions = (
				en,
				Base,
			);
			mainGroup = 498FB3BF28987F5B00405753;
			packageReferences = (
			);
			productRefGroup = 498FB3C928987F5B00405753 /* Products */;
			projectDirPath = "";
			projectRoot = "";
			targets = (
				498FB3C728987F5B00405753 /* SlackowWall */,
			);
		};
/* End PBXProject section */

/* Begin PBXResourcesBuildPhase section */
		498FB3C628987F5B00405753 /* Resources */ = {
			isa = PBXResourcesBuildPhase;
			buildActionMask = 2147483647;
			files = (
				498FB3D328987F5E00405753 /* Preview Assets.xcassets in Resources */,
				498FB3D028987F5E00405753 /* Assets.xcassets in Resources */,
				6D8A7BB4FE451CD07D66619E /* click.mp3 in Resources */,
				ABC355CBA8307F06A7D5A4EE /* lock.wav in Resources */,
				ABC3540DB7308CEE9DC58EE2 /* reset.wav in Resources */,
			);
			runOnlyForDeploymentPostprocessing = 0;
		};
/* End PBXResourcesBuildPhase section */

/* Begin PBXSourcesBuildPhase section */
		498FB3C428987F5B00405753 /* Sources */ = {
			isa = PBXSourcesBuildPhase;
			buildActionMask = 2147483647;
			files = (
				4915C3A72AC6A24200B60D1D /* KeybindingSettings.swift in Sources */,
				B6E9E3702970A52E00DF6466 /* CapturePreview.swift in Sources */,
				B640D52D296F2D7B005041CC /* InstancePreviewView.swift in Sources */,
				4915C3AB2AC7636F00B60D1D /* InstancesSettings.swift in Sources */,
				493A122F2B88FAA0009BE0B3 /* KeybindingView.swift in Sources */,
				B6E9E3722970A55800DF6466 /* CaptureEngine.swift in Sources */,
				B637DB38296B965D00A73F62 /* SettingsView.swift in Sources */,
				498FB3CE28987F5B00405753 /* ContentView.swift in Sources */,
				496442152AC3467B0074245C /* See.swift in Sources */,
				498FB3CC28987F5B00405753 /* SlackowWallApp.swift in Sources */,
				493A122C2B88723D009BE0B3 /* KeybindingManager.swift in Sources */,
				498FB3DE289A65B000405753 /* Constants.swift in Sources */,
				B6E9E36E2970A42D00DF6466 /* ScreenRecorder.swift in Sources */,
				6D8A74485D326CF633CE55DE /* RoundedCorners.swift in Sources */,
				6D8A79A5A9E467B05B05C742 /* PreviewViewModel.swift in Sources */,
				B63168C52979AE95005958E9 /* PreviewActionsListener.swift in Sources */,
				4915C3A92AC6A86F00B60D1D /* SettingsBarItem.swift in Sources */,
				6D8A799228DD26E62A8CBE16 /* PreviewShortcutListener.swift in Sources */,
				B63168C72979E8D7005958E9 /* SettingsCardView.swift in Sources */,
				6D8A7C560BB403B8F8251B8D /* ShortcutManager.swift in Sources */,
				6D8A76DD802153F673BCCB60 /* SoundManager.swift in Sources */,
				6D8A7F78665C71106EE9F8CA /* OBSManager.swift in Sources */,
				6D8A792C702E9F4144B9784E /* AppDefaults.swift in Sources */,
				6D8A7183DE266313FBD84A7F /* Alignment.swift in Sources */,
				6D8A7407BACFD24632EAEAF6 /* InstanceState.swift in Sources */,
				6D8A72A43936AFAEFF91FCF9 /* InstanceInfo.swift in Sources */,
			);
			runOnlyForDeploymentPostprocessing = 0;
		};
/* End PBXSourcesBuildPhase section */

/* Begin XCBuildConfiguration section */
		498FB3D528987F5E00405753 /* Debug */ = {
			isa = XCBuildConfiguration;
			buildSettings = {
				ALWAYS_SEARCH_USER_PATHS = NO;
				ASSETCATALOG_COMPILER_GENERATE_SWIFT_ASSET_SYMBOL_EXTENSIONS = YES;
				CLANG_ANALYZER_NONNULL = YES;
				CLANG_ANALYZER_NUMBER_OBJECT_CONVERSION = YES_AGGRESSIVE;
				CLANG_CXX_LANGUAGE_STANDARD = "gnu++17";
				CLANG_ENABLE_MODULES = YES;
				CLANG_ENABLE_OBJC_ARC = YES;
				CLANG_ENABLE_OBJC_WEAK = YES;
				CLANG_WARN_BLOCK_CAPTURE_AUTORELEASING = YES;
				CLANG_WARN_BOOL_CONVERSION = YES;
				CLANG_WARN_COMMA = YES;
				CLANG_WARN_CONSTANT_CONVERSION = YES;
				CLANG_WARN_DEPRECATED_OBJC_IMPLEMENTATIONS = YES;
				CLANG_WARN_DIRECT_OBJC_ISA_USAGE = YES_ERROR;
				CLANG_WARN_DOCUMENTATION_COMMENTS = YES;
				CLANG_WARN_EMPTY_BODY = YES;
				CLANG_WARN_ENUM_CONVERSION = YES;
				CLANG_WARN_INFINITE_RECURSION = YES;
				CLANG_WARN_INT_CONVERSION = YES;
				CLANG_WARN_NON_LITERAL_NULL_CONVERSION = YES;
				CLANG_WARN_OBJC_IMPLICIT_RETAIN_SELF = YES;
				CLANG_WARN_OBJC_LITERAL_CONVERSION = YES;
				CLANG_WARN_OBJC_ROOT_CLASS = YES_ERROR;
				CLANG_WARN_QUOTED_INCLUDE_IN_FRAMEWORK_HEADER = YES;
				CLANG_WARN_RANGE_LOOP_ANALYSIS = YES;
				CLANG_WARN_STRICT_PROTOTYPES = YES;
				CLANG_WARN_SUSPICIOUS_MOVE = YES;
				CLANG_WARN_UNGUARDED_AVAILABILITY = YES_AGGRESSIVE;
				CLANG_WARN_UNREACHABLE_CODE = YES;
				CLANG_WARN__DUPLICATE_METHOD_MATCH = YES;
				CODE_SIGN_IDENTITY = "-";
				COPY_PHASE_STRIP = NO;
				DEAD_CODE_STRIPPING = YES;
				DEBUG_INFORMATION_FORMAT = dwarf;
				ENABLE_APP_SANDBOX = NO;
				ENABLE_STRICT_OBJC_MSGSEND = YES;
				ENABLE_TESTABILITY = YES;
				GCC_C_LANGUAGE_STANDARD = gnu11;
				GCC_DYNAMIC_NO_PIC = NO;
				GCC_NO_COMMON_BLOCKS = YES;
				GCC_OPTIMIZATION_LEVEL = 0;
				GCC_PREPROCESSOR_DEFINITIONS = (
					"DEBUG=1",
					"$(inherited)",
				);
				GCC_WARN_64_TO_32_BIT_CONVERSION = YES;
				GCC_WARN_ABOUT_RETURN_TYPE = YES_ERROR;
				GCC_WARN_UNDECLARED_SELECTOR = YES;
				GCC_WARN_UNINITIALIZED_AUTOS = YES_AGGRESSIVE;
				GCC_WARN_UNUSED_FUNCTION = YES;
				GCC_WARN_UNUSED_VARIABLE = YES;
				INFOPLIST_KEY_NSAppleEventsUsageDescription = "In order to switch to other windows";
				MACOSX_DEPLOYMENT_TARGET = 13.0;
				MTL_ENABLE_DEBUG_INFO = INCLUDE_SOURCE;
				MTL_FAST_MATH = YES;
				ONLY_ACTIVE_ARCH = YES;
				SDKROOT = macosx;
				SWIFT_ACTIVE_COMPILATION_CONDITIONS = DEBUG;
				SWIFT_OPTIMIZATION_LEVEL = "-Onone";
			};
			name = Debug;
		};
		498FB3D628987F5E00405753 /* Release */ = {
			isa = XCBuildConfiguration;
			buildSettings = {
				ALWAYS_SEARCH_USER_PATHS = NO;
				ASSETCATALOG_COMPILER_GENERATE_SWIFT_ASSET_SYMBOL_EXTENSIONS = YES;
				CLANG_ANALYZER_NONNULL = YES;
				CLANG_ANALYZER_NUMBER_OBJECT_CONVERSION = YES_AGGRESSIVE;
				CLANG_CXX_LANGUAGE_STANDARD = "gnu++17";
				CLANG_ENABLE_MODULES = YES;
				CLANG_ENABLE_OBJC_ARC = YES;
				CLANG_ENABLE_OBJC_WEAK = YES;
				CLANG_WARN_BLOCK_CAPTURE_AUTORELEASING = YES;
				CLANG_WARN_BOOL_CONVERSION = YES;
				CLANG_WARN_COMMA = YES;
				CLANG_WARN_CONSTANT_CONVERSION = YES;
				CLANG_WARN_DEPRECATED_OBJC_IMPLEMENTATIONS = YES;
				CLANG_WARN_DIRECT_OBJC_ISA_USAGE = YES_ERROR;
				CLANG_WARN_DOCUMENTATION_COMMENTS = YES;
				CLANG_WARN_EMPTY_BODY = YES;
				CLANG_WARN_ENUM_CONVERSION = YES;
				CLANG_WARN_INFINITE_RECURSION = YES;
				CLANG_WARN_INT_CONVERSION = YES;
				CLANG_WARN_NON_LITERAL_NULL_CONVERSION = YES;
				CLANG_WARN_OBJC_IMPLICIT_RETAIN_SELF = YES;
				CLANG_WARN_OBJC_LITERAL_CONVERSION = YES;
				CLANG_WARN_OBJC_ROOT_CLASS = YES_ERROR;
				CLANG_WARN_QUOTED_INCLUDE_IN_FRAMEWORK_HEADER = YES;
				CLANG_WARN_RANGE_LOOP_ANALYSIS = YES;
				CLANG_WARN_STRICT_PROTOTYPES = YES;
				CLANG_WARN_SUSPICIOUS_MOVE = YES;
				CLANG_WARN_UNGUARDED_AVAILABILITY = YES_AGGRESSIVE;
				CLANG_WARN_UNREACHABLE_CODE = YES;
				CLANG_WARN__DUPLICATE_METHOD_MATCH = YES;
				CODE_SIGN_IDENTITY = "-";
				COPY_PHASE_STRIP = NO;
				DEAD_CODE_STRIPPING = YES;
				DEBUG_INFORMATION_FORMAT = "dwarf-with-dsym";
				ENABLE_APP_SANDBOX = NO;
				ENABLE_NS_ASSERTIONS = NO;
				ENABLE_STRICT_OBJC_MSGSEND = YES;
				GCC_C_LANGUAGE_STANDARD = gnu11;
				GCC_NO_COMMON_BLOCKS = YES;
				GCC_WARN_64_TO_32_BIT_CONVERSION = YES;
				GCC_WARN_ABOUT_RETURN_TYPE = YES_ERROR;
				GCC_WARN_UNDECLARED_SELECTOR = YES;
				GCC_WARN_UNINITIALIZED_AUTOS = YES_AGGRESSIVE;
				GCC_WARN_UNUSED_FUNCTION = YES;
				GCC_WARN_UNUSED_VARIABLE = YES;
				INFOPLIST_KEY_NSAppleEventsUsageDescription = "In order to switch to other windows";
				MACOSX_DEPLOYMENT_TARGET = 13.0;
				MTL_ENABLE_DEBUG_INFO = NO;
				MTL_FAST_MATH = YES;
				SDKROOT = macosx;
				SWIFT_COMPILATION_MODE = wholemodule;
				SWIFT_OPTIMIZATION_LEVEL = "-O";
			};
			name = Release;
		};
		498FB3D828987F5E00405753 /* Debug */ = {
			isa = XCBuildConfiguration;
			buildSettings = {
				ASSETCATALOG_COMPILER_APPICON_NAME = AppIcon;
				ASSETCATALOG_COMPILER_GLOBAL_ACCENT_COLOR_NAME = AccentColor;
				CODE_SIGN_ENTITLEMENTS = SlackowWall/SlackowWall.entitlements;
				CODE_SIGN_IDENTITY = "Apple Development";
				"CODE_SIGN_IDENTITY[sdk=macosx*]" = "Apple Development";
				CODE_SIGN_STYLE = Automatic;
				COMBINE_HIDPI_IMAGES = YES;
				CURRENT_PROJECT_VERSION = 1;
				DEAD_CODE_STRIPPING = YES;
				DEVELOPMENT_ASSET_PATHS = "\"SlackowWall/Preview Content\"";
				DEVELOPMENT_TEAM = 94CLS492CD;
				ENABLE_APP_SANDBOX = NO;
				ENABLE_HARDENED_RUNTIME = YES;
				ENABLE_PREVIEWS = YES;
				ENABLE_USER_SCRIPT_SANDBOXING = NO;
				GENERATE_INFOPLIST_FILE = YES;
				INFOPLIST_KEY_LSApplicationCategoryType = "public.app-category.utilities";
				INFOPLIST_KEY_NSAppleEventsUsageDescription = "To select the game";
				INFOPLIST_KEY_NSHumanReadableCopyright = "";
				LD_RUNPATH_SEARCH_PATHS = (
					"$(inherited)",
					"@executable_path/../Frameworks",
				);
				MARKETING_VERSION = 1.0;
				PRODUCT_BUNDLE_IDENTIFIER = com.slackow.SlackowWall;
				PRODUCT_NAME = "$(TARGET_NAME)";
				PROVISIONING_PROFILE_SPECIFIER = "";
				SWIFT_EMIT_LOC_STRINGS = YES;
				SWIFT_VERSION = 5.0;
			};
			name = Debug;
		};
		498FB3D928987F5E00405753 /* Release */ = {
			isa = XCBuildConfiguration;
			buildSettings = {
				ASSETCATALOG_COMPILER_APPICON_NAME = AppIcon;
				ASSETCATALOG_COMPILER_GLOBAL_ACCENT_COLOR_NAME = AccentColor;
				CODE_SIGN_ENTITLEMENTS = SlackowWall/SlackowWall.entitlements;
				CODE_SIGN_IDENTITY = "Apple Development";
				"CODE_SIGN_IDENTITY[sdk=macosx*]" = "Apple Development";
				CODE_SIGN_STYLE = Automatic;
				COMBINE_HIDPI_IMAGES = YES;
				CURRENT_PROJECT_VERSION = 1;
				DEAD_CODE_STRIPPING = YES;
				DEVELOPMENT_ASSET_PATHS = "\"SlackowWall/Preview Content\"";
				DEVELOPMENT_TEAM = 94CLS492CD;
				ENABLE_APP_SANDBOX = NO;
				ENABLE_HARDENED_RUNTIME = YES;
				ENABLE_PREVIEWS = YES;
				ENABLE_USER_SCRIPT_SANDBOXING = NO;
				GENERATE_INFOPLIST_FILE = YES;
				INFOPLIST_KEY_LSApplicationCategoryType = "public.app-category.utilities";
				INFOPLIST_KEY_NSAppleEventsUsageDescription = "To select the game";
				INFOPLIST_KEY_NSHumanReadableCopyright = "";
				LD_RUNPATH_SEARCH_PATHS = (
					"$(inherited)",
					"@executable_path/../Frameworks",
				);
				MARKETING_VERSION = 1.0;
				PRODUCT_BUNDLE_IDENTIFIER = com.slackow.SlackowWall;
				PRODUCT_NAME = "$(TARGET_NAME)";
				PROVISIONING_PROFILE_SPECIFIER = "";
				SWIFT_EMIT_LOC_STRINGS = YES;
				SWIFT_OPTIMIZATION_LEVEL = "-O";
				SWIFT_VERSION = 5.0;
			};
			name = Release;
		};
/* End XCBuildConfiguration section */

/* Begin XCConfigurationList section */
		498FB3C328987F5B00405753 /* Build configuration list for PBXProject "SlackowWall" */ = {
			isa = XCConfigurationList;
			buildConfigurations = (
				498FB3D528987F5E00405753 /* Debug */,
				498FB3D628987F5E00405753 /* Release */,
			);
			defaultConfigurationIsVisible = 0;
			defaultConfigurationName = Release;
		};
		498FB3D728987F5E00405753 /* Build configuration list for PBXNativeTarget "SlackowWall" */ = {
			isa = XCConfigurationList;
			buildConfigurations = (
				498FB3D828987F5E00405753 /* Debug */,
				498FB3D928987F5E00405753 /* Release */,
			);
			defaultConfigurationIsVisible = 0;
			defaultConfigurationName = Release;
		};
/* End XCConfigurationList section */
	};
	rootObject = 498FB3C028987F5B00405753 /* Project object */;
}
