// !$*UTF8*$!
{
	archiveVersion = 1;
	classes = {
	};
	objectVersion = 73;
	objects = {

/* Begin PBXBuildFile section */
		496BFAC52DE7E9F600209079 /* PacemanWrapper in Copy Files */ = {isa = PBXBuildFile; fileRef = 496BFAB92DE7D7B600209079 /* PacemanWrapper */; settings = {ATTRIBUTES = (CodeSignOnCopy, ); }; };
		B62B05652C0ADE7500EC087E /* Gzip in Frameworks */ = {isa = PBXBuildFile; productRef = B62B05642C0ADE7500EC087E /* Gzip */; };
		B6527B732DE4BC63008A1264 /* DefaultCodable in Frameworks */ = {isa = PBXBuildFile; productRef = B6527B722DE4BC63008A1264 /* DefaultCodable */; };
		B67CD4E42E04DB1F00FC7037 /* ZIPFoundation in Frameworks */ = {isa = PBXBuildFile; productRef = B67CD4E32E04DB1F00FC7037 /* ZIPFoundation */; };
		B6A1FDEB2BDF5BF000EF2180 /* CachedAsyncImage in Frameworks */ = {isa = PBXBuildFile; productRef = B6A1FDEA2BDF5BF000EF2180 /* CachedAsyncImage */; };
		B6B9FE8D2BA1698D0026C268 /* Sparkle in Frameworks */ = {isa = PBXBuildFile; productRef = B6B9FE8C2BA1698D0026C268 /* Sparkle */; };
/* End PBXBuildFile section */

/* Begin PBXContainerItemProxy section */
		496BFAC22DE7E9BB00209079 /* PBXContainerItemProxy */ = {
			isa = PBXContainerItemProxy;
			containerPortal = 498FB3C028987F5B00405753 /* Project object */;
			proxyType = 1;
			remoteGlobalIDString = 496BFAB82DE7D7B600209079;
			remoteInfo = PacemanWrapper;
		};
		B655208D2DF22BF900137480 /* PBXContainerItemProxy */ = {
			isa = PBXContainerItemProxy;
			containerPortal = 498FB3C028987F5B00405753 /* Project object */;
			proxyType = 1;
			remoteGlobalIDString = 498FB3C728987F5B00405753;
			remoteInfo = SlackowWall;
		};
/* End PBXContainerItemProxy section */

/* Begin PBXCopyFilesBuildPhase section */
		496BFAB72DE7D7B600209079 /* CopyFiles */ = {
			isa = PBXCopyFilesBuildPhase;
			buildActionMask = 2147483647;
			dstPath = /usr/share/man/man1/;
			dstSubfolderSpec = 0;
			files = (
			);
			runOnlyForDeploymentPostprocessing = 1;
		};
		496BFAC42DE7E9D500209079 /* Copy Files */ = {
			isa = PBXCopyFilesBuildPhase;
			buildActionMask = 2147483647;
			dstPath = "";
			dstSubfolderSpec = 6;
			files = (
				496BFAC52DE7E9F600209079 /* PacemanWrapper in Copy Files */,
			);
			name = "Copy Files";
			runOnlyForDeploymentPostprocessing = 0;
		};
/* End PBXCopyFilesBuildPhase section */

/* Begin PBXFileReference section */
		496BFAB92DE7D7B600209079 /* PacemanWrapper */ = {isa = PBXFileReference; explicitFileType = "compiled.mach-o.executable"; includeInIndex = 0; path = PacemanWrapper; sourceTree = BUILT_PRODUCTS_DIR; };
		498FB3C828987F5B00405753 /* SlackowWall.app */ = {isa = PBXFileReference; explicitFileType = wrapper.application; includeInIndex = 0; path = SlackowWall.app; sourceTree = BUILT_PRODUCTS_DIR; };
		B65520892DF22BF900137480 /* SlackowWallTests.xctest */ = {isa = PBXFileReference; explicitFileType = wrapper.cfbundle; includeInIndex = 0; path = SlackowWallTests.xctest; sourceTree = BUILT_PRODUCTS_DIR; };
/* End PBXFileReference section */

/* Begin PBXFileSystemSynchronizedBuildFileExceptionSet section */
		B6CDDDF72DC93246004CDEA8 /* PBXFileSystemSynchronizedBuildFileExceptionSet */ = {
			isa = PBXFileSystemSynchronizedBuildFileExceptionSet;
			membershipExceptions = (
				Info.plist,
				"Resources/Jars/paceman-tracker-0.7.1.jar",
			);
			target = 498FB3C728987F5B00405753 /* SlackowWall */;
		};
/* End PBXFileSystemSynchronizedBuildFileExceptionSet section */

/* Begin PBXFileSystemSynchronizedGroupBuildPhaseMembershipExceptionSet section */
		493DDA452E67A7BB00FEBB25 /* PBXFileSystemSynchronizedGroupBuildPhaseMembershipExceptionSet */ = {
			isa = PBXFileSystemSynchronizedGroupBuildPhaseMembershipExceptionSet;
			buildPhase = 498FB3C628987F5B00405753 /* Resources */;
			membershipExceptions = (
				"Resources/Jars/paceman-tracker-0.7.1.jar",
			);
		};
/* End PBXFileSystemSynchronizedGroupBuildPhaseMembershipExceptionSet section */

/* Begin PBXFileSystemSynchronizedRootGroup section */
		496BFABA2DE7D7B600209079 /* PacemanWrapper */ = {isa = PBXFileSystemSynchronizedRootGroup; explicitFileTypes = {}; explicitFolders = (); path = PacemanWrapper; sourceTree = "<group>"; };
		B655208A2DF22BF900137480 /* SlackowWallTests */ = {isa = PBXFileSystemSynchronizedRootGroup; explicitFileTypes = {}; explicitFolders = (); path = SlackowWallTests; sourceTree = "<group>"; };
		B6CDDD8B2DC93246004CDEA8 /* SlackowWall */ = {isa = PBXFileSystemSynchronizedRootGroup; exceptions = (B6CDDDF72DC93246004CDEA8 /* PBXFileSystemSynchronizedBuildFileExceptionSet */, 493DDA452E67A7BB00FEBB25 /* PBXFileSystemSynchronizedGroupBuildPhaseMembershipExceptionSet */, ); explicitFileTypes = {}; explicitFolders = (); path = SlackowWall; sourceTree = "<group>"; };
/* End PBXFileSystemSynchronizedRootGroup section */

/* Begin PBXFrameworksBuildPhase section */
		496BFAB62DE7D7B600209079 /* Frameworks */ = {
			isa = PBXFrameworksBuildPhase;
			buildActionMask = 2147483647;
			files = (
			);
			runOnlyForDeploymentPostprocessing = 0;
		};
		498FB3C528987F5B00405753 /* Frameworks */ = {
			isa = PBXFrameworksBuildPhase;
			buildActionMask = 2147483647;
			files = (
				B6B9FE8D2BA1698D0026C268 /* Sparkle in Frameworks */,
				B6527B732DE4BC63008A1264 /* DefaultCodable in Frameworks */,
				B6A1FDEB2BDF5BF000EF2180 /* CachedAsyncImage in Frameworks */,
				B62B05652C0ADE7500EC087E /* Gzip in Frameworks */,
				B67CD4E42E04DB1F00FC7037 /* ZIPFoundation in Frameworks */,
			);
			runOnlyForDeploymentPostprocessing = 0;
		};
		B65520862DF22BF900137480 /* Frameworks */ = {
			isa = PBXFrameworksBuildPhase;
			buildActionMask = 2147483647;
			files = (
			);
			runOnlyForDeploymentPostprocessing = 0;
		};
/* End PBXFrameworksBuildPhase section */

/* Begin PBXGroup section */
		498FB3BF28987F5B00405753 = {
			isa = PBXGroup;
			children = (
				B6CDDD8B2DC93246004CDEA8 /* SlackowWall */,
				496BFABA2DE7D7B600209079 /* PacemanWrapper */,
				B655208A2DF22BF900137480 /* SlackowWallTests */,
				498FB3C928987F5B00405753 /* Products */,
			);
			sourceTree = "<group>";
		};
		498FB3C928987F5B00405753 /* Products */ = {
			isa = PBXGroup;
			children = (
				498FB3C828987F5B00405753 /* SlackowWall.app */,
				496BFAB92DE7D7B600209079 /* PacemanWrapper */,
				B65520892DF22BF900137480 /* SlackowWallTests.xctest */,
			);
			name = Products;
			sourceTree = "<group>";
		};
/* End PBXGroup section */

/* Begin PBXNativeTarget section */
		496BFAB82DE7D7B600209079 /* PacemanWrapper */ = {
			isa = PBXNativeTarget;
			buildConfigurationList = 496BFABD2DE7D7B600209079 /* Build configuration list for PBXNativeTarget "PacemanWrapper" */;
			buildPhases = (
				496BFAB52DE7D7B600209079 /* Sources */,
				496BFAB62DE7D7B600209079 /* Frameworks */,
				496BFAB72DE7D7B600209079 /* CopyFiles */,
			);
			buildRules = (
			);
			dependencies = (
			);
			fileSystemSynchronizedGroups = (
				496BFABA2DE7D7B600209079 /* PacemanWrapper */,
			);
			name = PacemanWrapper;
			packageProductDependencies = (
			);
			productName = PacemanWrapper;
			productReference = 496BFAB92DE7D7B600209079 /* PacemanWrapper */;
			productType = "com.apple.product-type.tool";
		};
		498FB3C728987F5B00405753 /* SlackowWall */ = {
			isa = PBXNativeTarget;
			buildConfigurationList = 498FB3D728987F5E00405753 /* Build configuration list for PBXNativeTarget "SlackowWall" */;
			buildPhases = (
				498FB3C428987F5B00405753 /* Sources */,
				498FB3C528987F5B00405753 /* Frameworks */,
				498FB3C628987F5B00405753 /* Resources */,
				496BFAC42DE7E9D500209079 /* Copy Files */,
			);
			buildRules = (
			);
			dependencies = (
				496BFAC32DE7E9BB00209079 /* PBXTargetDependency */,
			);
			fileSystemSynchronizedGroups = (
				B6CDDD8B2DC93246004CDEA8 /* SlackowWall */,
			);
			name = SlackowWall;
			packageProductDependencies = (
				B6B9FE8C2BA1698D0026C268 /* Sparkle */,
				B6A1FDEA2BDF5BF000EF2180 /* CachedAsyncImage */,
				B62B05642C0ADE7500EC087E /* Gzip */,
				B6527B722DE4BC63008A1264 /* DefaultCodable */,
				B67CD4E32E04DB1F00FC7037 /* ZIPFoundation */,
			);
			productName = SlackowWall;
			productReference = 498FB3C828987F5B00405753 /* SlackowWall.app */;
			productType = "com.apple.product-type.application";
		};
		B65520882DF22BF900137480 /* SlackowWallTests */ = {
			isa = PBXNativeTarget;
			buildConfigurationList = B65520912DF22BF900137480 /* Build configuration list for PBXNativeTarget "SlackowWallTests" */;
			buildPhases = (
				B65520852DF22BF900137480 /* Sources */,
				B65520862DF22BF900137480 /* Frameworks */,
				B65520872DF22BF900137480 /* Resources */,
			);
			buildRules = (
			);
			dependencies = (
				B655208E2DF22BF900137480 /* PBXTargetDependency */,
			);
			fileSystemSynchronizedGroups = (
				B655208A2DF22BF900137480 /* SlackowWallTests */,
			);
			name = SlackowWallTests;
			packageProductDependencies = (
			);
			productName = SlackowWallTests;
			productReference = B65520892DF22BF900137480 /* SlackowWallTests.xctest */;
			productType = "com.apple.product-type.bundle.unit-test";
		};
/* End PBXNativeTarget section */

/* Begin PBXProject section */
		498FB3C028987F5B00405753 /* Project object */ = {
			isa = PBXProject;
			attributes = {
				BuildIndependentTargetsInParallel = 1;
				LastSwiftUpdateCheck = 1640;
				LastUpgradeCheck = 1630;
				TargetAttributes = {
					496BFAB82DE7D7B600209079 = {
						CreatedOnToolsVersion = 16.3;
					};
					498FB3C728987F5B00405753 = {
						CreatedOnToolsVersion = 13.4.1;
					};
					B65520882DF22BF900137480 = {
						CreatedOnToolsVersion = 16.4;
						TestTargetID = 498FB3C728987F5B00405753;
					};
				};
			};
			buildConfigurationList = 498FB3C328987F5B00405753 /* Build configuration list for PBXProject "SlackowWall" */;
			developmentRegion = en;
			hasScannedForEncodings = 0;
			knownRegions = (
				en,
				Base,
			);
			mainGroup = 498FB3BF28987F5B00405753;
			packageReferences = (
				B6B9FE8B2BA1698D0026C268 /* XCRemoteSwiftPackageReference "Sparkle" */,
				B6A1FDE92BDF5BF000EF2180 /* XCRemoteSwiftPackageReference "swiftui-cached-async-image" */,
				B62B05632C0ADE7500EC087E /* XCRemoteSwiftPackageReference "GzipSwift" */,
				B6527B712DE4BC63008A1264 /* XCRemoteSwiftPackageReference "DefaultCodable" */,
				B67CD4E22E04DB1F00FC7037 /* XCRemoteSwiftPackageReference "ZIPFoundation" */,
			);
			preferredProjectObjectVersion = 55;
			productRefGroup = 498FB3C928987F5B00405753 /* Products */;
			projectDirPath = "";
			projectRoot = "";
			targets = (
				498FB3C728987F5B00405753 /* SlackowWall */,
				496BFAB82DE7D7B600209079 /* PacemanWrapper */,
				B65520882DF22BF900137480 /* SlackowWallTests */,
			);
		};
/* End PBXProject section */

/* Begin PBXResourcesBuildPhase section */
		498FB3C628987F5B00405753 /* Resources */ = {
			isa = PBXResourcesBuildPhase;
			buildActionMask = 2147483647;
			files = (
			);
			runOnlyForDeploymentPostprocessing = 0;
		};
		B65520872DF22BF900137480 /* Resources */ = {
			isa = PBXResourcesBuildPhase;
			buildActionMask = 2147483647;
			files = (
			);
			runOnlyForDeploymentPostprocessing = 0;
		};
/* End PBXResourcesBuildPhase section */

/* Begin PBXSourcesBuildPhase section */
		496BFAB52DE7D7B600209079 /* Sources */ = {
			isa = PBXSourcesBuildPhase;
			buildActionMask = 2147483647;
			files = (
			);
			runOnlyForDeploymentPostprocessing = 0;
		};
		498FB3C428987F5B00405753 /* Sources */ = {
			isa = PBXSourcesBuildPhase;
			buildActionMask = 2147483647;
			files = (
			);
			runOnlyForDeploymentPostprocessing = 0;
		};
		B65520852DF22BF900137480 /* Sources */ = {
			isa = PBXSourcesBuildPhase;
			buildActionMask = 2147483647;
			files = (
			);
			runOnlyForDeploymentPostprocessing = 0;
		};
/* End PBXSourcesBuildPhase section */

/* Begin PBXTargetDependency section */
		496BFAC32DE7E9BB00209079 /* PBXTargetDependency */ = {
			isa = PBXTargetDependency;
			target = 496BFAB82DE7D7B600209079 /* PacemanWrapper */;
			targetProxy = 496BFAC22DE7E9BB00209079 /* PBXContainerItemProxy */;
		};
		B655208E2DF22BF900137480 /* PBXTargetDependency */ = {
			isa = PBXTargetDependency;
			target = 498FB3C728987F5B00405753 /* SlackowWall */;
			targetProxy = B655208D2DF22BF900137480 /* PBXContainerItemProxy */;
		};
/* End PBXTargetDependency section */

/* Begin XCBuildConfiguration section */
		496BFABE2DE7D7B600209079 /* Debug */ = {
			isa = XCBuildConfiguration;
			buildSettings = {
				CLANG_CXX_LANGUAGE_STANDARD = "gnu++20";
				CODE_SIGN_STYLE = Automatic;
				DEVELOPMENT_TEAM = 94CLS492CD;
				ENABLE_HARDENED_RUNTIME = YES;
				ENABLE_USER_SCRIPT_SANDBOXING = YES;
				GCC_C_LANGUAGE_STANDARD = gnu17;
				LOCALIZATION_PREFERS_STRING_CATALOGS = YES;
				MACOSX_DEPLOYMENT_TARGET = 13.5;
				PRODUCT_NAME = "$(TARGET_NAME)";
				SKIP_INSTALL = YES;
				SWIFT_ACTIVE_COMPILATION_CONDITIONS = "DEBUG $(inherited)";
				SWIFT_VERSION = 5.0;
			};
			name = Debug;
		};
		496BFABF2DE7D7B600209079 /* Release */ = {
			isa = XCBuildConfiguration;
			buildSettings = {
				CLANG_CXX_LANGUAGE_STANDARD = "gnu++20";
				CODE_SIGN_STYLE = Automatic;
				DEVELOPMENT_TEAM = 94CLS492CD;
				ENABLE_HARDENED_RUNTIME = YES;
				ENABLE_USER_SCRIPT_SANDBOXING = YES;
				GCC_C_LANGUAGE_STANDARD = gnu17;
				LOCALIZATION_PREFERS_STRING_CATALOGS = YES;
				MACOSX_DEPLOYMENT_TARGET = 13.5;
				PRODUCT_NAME = "$(TARGET_NAME)";
				SKIP_INSTALL = YES;
				SWIFT_VERSION = 5.0;
			};
			name = Release;
		};
		498FB3D528987F5E00405753 /* Debug */ = {
			isa = XCBuildConfiguration;
			buildSettings = {
				ALWAYS_SEARCH_USER_PATHS = NO;
				ASSETCATALOG_COMPILER_GENERATE_SWIFT_ASSET_SYMBOL_EXTENSIONS = YES;
				CLANG_ANALYZER_NONNULL = YES;
				CLANG_ANALYZER_NUMBER_OBJECT_CONVERSION = YES_AGGRESSIVE;
				CLANG_CXX_LANGUAGE_STANDARD = "gnu++17";
				CLANG_ENABLE_MODULES = YES;
				CLANG_ENABLE_OBJC_ARC = YES;
				CLANG_ENABLE_OBJC_WEAK = YES;
				CLANG_WARN_BLOCK_CAPTURE_AUTORELEASING = YES;
				CLANG_WARN_BOOL_CONVERSION = YES;
				CLANG_WARN_COMMA = YES;
				CLANG_WARN_CONSTANT_CONVERSION = YES;
				CLANG_WARN_DEPRECATED_OBJC_IMPLEMENTATIONS = YES;
				CLANG_WARN_DIRECT_OBJC_ISA_USAGE = YES_ERROR;
				CLANG_WARN_DOCUMENTATION_COMMENTS = YES;
				CLANG_WARN_EMPTY_BODY = YES;
				CLANG_WARN_ENUM_CONVERSION = YES;
				CLANG_WARN_INFINITE_RECURSION = YES;
				CLANG_WARN_INT_CONVERSION = YES;
				CLANG_WARN_NON_LITERAL_NULL_CONVERSION = YES;
				CLANG_WARN_OBJC_IMPLICIT_RETAIN_SELF = YES;
				CLANG_WARN_OBJC_LITERAL_CONVERSION = YES;
				CLANG_WARN_OBJC_ROOT_CLASS = YES_ERROR;
				CLANG_WARN_QUOTED_INCLUDE_IN_FRAMEWORK_HEADER = YES;
				CLANG_WARN_RANGE_LOOP_ANALYSIS = YES;
				CLANG_WARN_STRICT_PROTOTYPES = YES;
				CLANG_WARN_SUSPICIOUS_MOVE = YES;
				CLANG_WARN_UNGUARDED_AVAILABILITY = YES_AGGRESSIVE;
				CLANG_WARN_UNREACHABLE_CODE = YES;
				CLANG_WARN__DUPLICATE_METHOD_MATCH = YES;
				CODE_SIGN_IDENTITY = "-";
				COPY_PHASE_STRIP = NO;
				DEAD_CODE_STRIPPING = YES;
				DEBUG_INFORMATION_FORMAT = dwarf;
				DEVELOPMENT_TEAM = 94CLS492CD;
				ENABLE_APP_SANDBOX = NO;
				ENABLE_STRICT_OBJC_MSGSEND = YES;
				ENABLE_TESTABILITY = YES;
				GCC_C_LANGUAGE_STANDARD = gnu11;
				GCC_DYNAMIC_NO_PIC = NO;
				GCC_NO_COMMON_BLOCKS = YES;
				GCC_OPTIMIZATION_LEVEL = 0;
				GCC_PREPROCESSOR_DEFINITIONS = (
					"DEBUG=1",
					"$(inherited)",
				);
				GCC_WARN_64_TO_32_BIT_CONVERSION = YES;
				GCC_WARN_ABOUT_RETURN_TYPE = YES_ERROR;
				GCC_WARN_UNDECLARED_SELECTOR = YES;
				GCC_WARN_UNINITIALIZED_AUTOS = YES_AGGRESSIVE;
				GCC_WARN_UNUSED_FUNCTION = YES;
				GCC_WARN_UNUSED_VARIABLE = YES;
				INFOPLIST_KEY_NSAppleEventsUsageDescription = "In order to switch to other windows";
				MACOSX_DEPLOYMENT_TARGET = 13.0;
				MTL_ENABLE_DEBUG_INFO = INCLUDE_SOURCE;
				MTL_FAST_MATH = YES;
				ONLY_ACTIVE_ARCH = YES;
				SDKROOT = macosx;
				SWIFT_ACTIVE_COMPILATION_CONDITIONS = DEBUG;
				SWIFT_OPTIMIZATION_LEVEL = "-Onone";
			};
			name = Debug;
		};
		498FB3D628987F5E00405753 /* Release */ = {
			isa = XCBuildConfiguration;
			buildSettings = {
				ALWAYS_SEARCH_USER_PATHS = NO;
				ASSETCATALOG_COMPILER_GENERATE_SWIFT_ASSET_SYMBOL_EXTENSIONS = YES;
				CLANG_ANALYZER_NONNULL = YES;
				CLANG_ANALYZER_NUMBER_OBJECT_CONVERSION = YES_AGGRESSIVE;
				CLANG_CXX_LANGUAGE_STANDARD = "gnu++17";
				CLANG_ENABLE_MODULES = YES;
				CLANG_ENABLE_OBJC_ARC = YES;
				CLANG_ENABLE_OBJC_WEAK = YES;
				CLANG_WARN_BLOCK_CAPTURE_AUTORELEASING = YES;
				CLANG_WARN_BOOL_CONVERSION = YES;
				CLANG_WARN_COMMA = YES;
				CLANG_WARN_CONSTANT_CONVERSION = YES;
				CLANG_WARN_DEPRECATED_OBJC_IMPLEMENTATIONS = YES;
				CLANG_WARN_DIRECT_OBJC_ISA_USAGE = YES_ERROR;
				CLANG_WARN_DOCUMENTATION_COMMENTS = YES;
				CLANG_WARN_EMPTY_BODY = YES;
				CLANG_WARN_ENUM_CONVERSION = YES;
				CLANG_WARN_INFINITE_RECURSION = YES;
				CLANG_WARN_INT_CONVERSION = YES;
				CLANG_WARN_NON_LITERAL_NULL_CONVERSION = YES;
				CLANG_WARN_OBJC_IMPLICIT_RETAIN_SELF = YES;
				CLANG_WARN_OBJC_LITERAL_CONVERSION = YES;
				CLANG_WARN_OBJC_ROOT_CLASS = YES_ERROR;
				CLANG_WARN_QUOTED_INCLUDE_IN_FRAMEWORK_HEADER = YES;
				CLANG_WARN_RANGE_LOOP_ANALYSIS = YES;
				CLANG_WARN_STRICT_PROTOTYPES = YES;
				CLANG_WARN_SUSPICIOUS_MOVE = YES;
				CLANG_WARN_UNGUARDED_AVAILABILITY = YES_AGGRESSIVE;
				CLANG_WARN_UNREACHABLE_CODE = YES;
				CLANG_WARN__DUPLICATE_METHOD_MATCH = YES;
				CODE_SIGN_IDENTITY = "-";
				COPY_PHASE_STRIP = NO;
				DEAD_CODE_STRIPPING = YES;
				DEBUG_INFORMATION_FORMAT = "dwarf-with-dsym";
				DEVELOPMENT_TEAM = 94CLS492CD;
				ENABLE_APP_SANDBOX = NO;
				ENABLE_NS_ASSERTIONS = NO;
				ENABLE_STRICT_OBJC_MSGSEND = YES;
				GCC_C_LANGUAGE_STANDARD = gnu11;
				GCC_NO_COMMON_BLOCKS = YES;
				GCC_WARN_64_TO_32_BIT_CONVERSION = YES;
				GCC_WARN_ABOUT_RETURN_TYPE = YES_ERROR;
				GCC_WARN_UNDECLARED_SELECTOR = YES;
				GCC_WARN_UNINITIALIZED_AUTOS = YES_AGGRESSIVE;
				GCC_WARN_UNUSED_FUNCTION = YES;
				GCC_WARN_UNUSED_VARIABLE = YES;
				INFOPLIST_KEY_NSAppleEventsUsageDescription = "In order to switch to other windows";
				MACOSX_DEPLOYMENT_TARGET = 13.0;
				MTL_ENABLE_DEBUG_INFO = NO;
				MTL_FAST_MATH = YES;
				SDKROOT = macosx;
				SWIFT_COMPILATION_MODE = wholemodule;
				SWIFT_OPTIMIZATION_LEVEL = "-O";
			};
			name = Release;
		};
		498FB3D828987F5E00405753 /* Debug */ = {
			isa = XCBuildConfiguration;
			buildSettings = {
				ASSETCATALOG_COMPILER_APPICON_NAME = AppIcon;
				ASSETCATALOG_COMPILER_GLOBAL_ACCENT_COLOR_NAME = AccentColor;
				CODE_SIGN_ENTITLEMENTS = SlackowWall/SlackowWall.entitlements;
				CODE_SIGN_IDENTITY = "Apple Development";
				CODE_SIGN_STYLE = Automatic;
				COMBINE_HIDPI_IMAGES = YES;
				CURRENT_PROJECT_VERSION = 260112;
				DEAD_CODE_STRIPPING = YES;
				DEVELOPMENT_ASSET_PATHS = "\"SlackowWall/Resources/Preview Content\"";
				DEVELOPMENT_TEAM = 94CLS492CD;
				ENABLE_APP_SANDBOX = NO;
				ENABLE_HARDENED_RUNTIME = YES;
				ENABLE_PREVIEWS = YES;
				ENABLE_USER_SCRIPT_SANDBOXING = NO;
				GENERATE_INFOPLIST_FILE = YES;
				INFOPLIST_FILE = SlackowWall/Info.plist;
				INFOPLIST_KEY_LSApplicationCategoryType = "public.app-category.utilities";
				INFOPLIST_KEY_NSAppleEventsUsageDescription = "To select the game";
				INFOPLIST_KEY_NSHumanReadableCopyright = "";
				LD_RUNPATH_SEARCH_PATHS = (
					"$(inherited)",
					"@executable_path/../Frameworks",
				);
				MACOSX_DEPLOYMENT_TARGET = 13.5;
				MARKETING_VERSION = 1.3.9;
				PRODUCT_BUNDLE_IDENTIFIER = com.slackow.SlackowWall;
				PRODUCT_NAME = "$(TARGET_NAME)";
				PROVISIONING_PROFILE_SPECIFIER = "";
				SWIFT_EMIT_LOC_STRINGS = YES;
				SWIFT_STRICT_CONCURRENCY = targeted;
				SWIFT_VERSION = 5.0;
			};
			name = Debug;
		};
		498FB3D928987F5E00405753 /* Release */ = {
			isa = XCBuildConfiguration;
			buildSettings = {
				ASSETCATALOG_COMPILER_APPICON_NAME = AppIcon;
				ASSETCATALOG_COMPILER_GLOBAL_ACCENT_COLOR_NAME = AccentColor;
				CODE_SIGN_ENTITLEMENTS = SlackowWall/SlackowWall.entitlements;
				CODE_SIGN_IDENTITY = "Apple Development";
				CODE_SIGN_STYLE = Automatic;
				COMBINE_HIDPI_IMAGES = YES;
				CURRENT_PROJECT_VERSION = 260112;
				DEAD_CODE_STRIPPING = YES;
				DEVELOPMENT_ASSET_PATHS = "\"SlackowWall/Resources/Preview Content\"";
				DEVELOPMENT_TEAM = 94CLS492CD;
				ENABLE_APP_SANDBOX = NO;
				ENABLE_HARDENED_RUNTIME = YES;
				ENABLE_PREVIEWS = YES;
				ENABLE_USER_SCRIPT_SANDBOXING = NO;
				GENERATE_INFOPLIST_FILE = YES;
				INFOPLIST_FILE = SlackowWall/Info.plist;
				INFOPLIST_KEY_LSApplicationCategoryType = "public.app-category.utilities";
				INFOPLIST_KEY_NSAppleEventsUsageDescription = "To select the game";
				INFOPLIST_KEY_NSHumanReadableCopyright = "";
				LD_RUNPATH_SEARCH_PATHS = (
					"$(inherited)",
					"@executable_path/../Frameworks",
				);
				MACOSX_DEPLOYMENT_TARGET = 13.5;
				MARKETING_VERSION = 1.3.9;
				PRODUCT_BUNDLE_IDENTIFIER = com.slackow.SlackowWall;
				PRODUCT_NAME = "$(TARGET_NAME)";
				PROVISIONING_PROFILE_SPECIFIER = "";
				SWIFT_EMIT_LOC_STRINGS = YES;
				SWIFT_OPTIMIZATION_LEVEL = "-O";
				SWIFT_STRICT_CONCURRENCY = targeted;
				SWIFT_VERSION = 5.0;
			};
			name = Release;
		};
		B655208F2DF22BF900137480 /* Debug */ = {
			isa = XCBuildConfiguration;
			buildSettings = {
				BUNDLE_LOADER = "$(TEST_HOST)";
				CLANG_CXX_LANGUAGE_STANDARD = "gnu++20";
				"CODE_SIGN_IDENTITY[sdk=macosx*]" = "Apple Development";
				CODE_SIGN_STYLE = Automatic;
				CURRENT_PROJECT_VERSION = 1;
				DEVELOPMENT_TEAM = 94CLS492CD;
				ENABLE_USER_SCRIPT_SANDBOXING = YES;
				GCC_C_LANGUAGE_STANDARD = gnu17;
				GENERATE_INFOPLIST_FILE = YES;
				LOCALIZATION_PREFERS_STRING_CATALOGS = YES;
				MACOSX_DEPLOYMENT_TARGET = 15.5;
				MARKETING_VERSION = 1.0;
				PRODUCT_BUNDLE_IDENTIFIER = com.slackow.SlackowWallTests;
				PRODUCT_NAME = "$(TARGET_NAME)";
				SWIFT_ACTIVE_COMPILATION_CONDITIONS = "DEBUG $(inherited)";
				SWIFT_EMIT_LOC_STRINGS = NO;
				SWIFT_VERSION = 5.0;
				TEST_HOST = "$(BUILT_PRODUCTS_DIR)/SlackowWall.app/$(BUNDLE_EXECUTABLE_FOLDER_PATH)/SlackowWall";
			};
			name = Debug;
		};
		B65520902DF22BF900137480 /* Release */ = {
			isa = XCBuildConfiguration;
			buildSettings = {
				BUNDLE_LOADER = "$(TEST_HOST)";
				CLANG_CXX_LANGUAGE_STANDARD = "gnu++20";
				"CODE_SIGN_IDENTITY[sdk=macosx*]" = "Apple Development";
				CODE_SIGN_STYLE = Automatic;
				CURRENT_PROJECT_VERSION = 1;
				DEVELOPMENT_TEAM = 94CLS492CD;
				ENABLE_USER_SCRIPT_SANDBOXING = YES;
				GCC_C_LANGUAGE_STANDARD = gnu17;
				GENERATE_INFOPLIST_FILE = YES;
				LOCALIZATION_PREFERS_STRING_CATALOGS = YES;
				MACOSX_DEPLOYMENT_TARGET = 15.5;
				MARKETING_VERSION = 1.0;
				PRODUCT_BUNDLE_IDENTIFIER = com.slackow.SlackowWallTests;
				PRODUCT_NAME = "$(TARGET_NAME)";
				SWIFT_EMIT_LOC_STRINGS = NO;
				SWIFT_VERSION = 5.0;
				TEST_HOST = "$(BUILT_PRODUCTS_DIR)/SlackowWall.app/$(BUNDLE_EXECUTABLE_FOLDER_PATH)/SlackowWall";
			};
			name = Release;
		};
/* End XCBuildConfiguration section */

/* Begin XCConfigurationList section */
		496BFABD2DE7D7B600209079 /* Build configuration list for PBXNativeTarget "PacemanWrapper" */ = {
			isa = XCConfigurationList;
			buildConfigurations = (
				496BFABE2DE7D7B600209079 /* Debug */,
				496BFABF2DE7D7B600209079 /* Release */,
			);
			defaultConfigurationIsVisible = 0;
			defaultConfigurationName = Release;
		};
		498FB3C328987F5B00405753 /* Build configuration list for PBXProject "SlackowWall" */ = {
			isa = XCConfigurationList;
			buildConfigurations = (
				498FB3D528987F5E00405753 /* Debug */,
				498FB3D628987F5E00405753 /* Release */,
			);
			defaultConfigurationIsVisible = 0;
			defaultConfigurationName = Release;
		};
		498FB3D728987F5E00405753 /* Build configuration list for PBXNativeTarget "SlackowWall" */ = {
			isa = XCConfigurationList;
			buildConfigurations = (
				498FB3D828987F5E00405753 /* Debug */,
				498FB3D928987F5E00405753 /* Release */,
			);
			defaultConfigurationIsVisible = 0;
			defaultConfigurationName = Release;
		};
		B65520912DF22BF900137480 /* Build configuration list for PBXNativeTarget "SlackowWallTests" */ = {
			isa = XCConfigurationList;
			buildConfigurations = (
				B655208F2DF22BF900137480 /* Debug */,
				B65520902DF22BF900137480 /* Release */,
			);
			defaultConfigurationIsVisible = 0;
			defaultConfigurationName = Release;
		};
/* End XCConfigurationList section */

/* Begin XCRemoteSwiftPackageReference section */
		B62B05632C0ADE7500EC087E /* XCRemoteSwiftPackageReference "GzipSwift" */ = {
			isa = XCRemoteSwiftPackageReference;
			repositoryURL = "https://github.com/1024jp/GzipSwift";
			requirement = {
				kind = upToNextMajorVersion;
				minimumVersion = 6.0.1;
			};
		};
		B6527B712DE4BC63008A1264 /* XCRemoteSwiftPackageReference "DefaultCodable" */ = {
			isa = XCRemoteSwiftPackageReference;
			repositoryURL = "https://github.com/Kihron/DefaultCodable";
			requirement = {
				branch = main;
				kind = branch;
			};
		};
		B67CD4E22E04DB1F00FC7037 /* XCRemoteSwiftPackageReference "ZIPFoundation" */ = {
			isa = XCRemoteSwiftPackageReference;
			repositoryURL = "https://github.com/weichsel/ZIPFoundation";
			requirement = {
				kind = upToNextMajorVersion;
				minimumVersion = 0.9.19;
			};
		};
		B6A1FDE92BDF5BF000EF2180 /* XCRemoteSwiftPackageReference "swiftui-cached-async-image" */ = {
			isa = XCRemoteSwiftPackageReference;
			repositoryURL = "https://github.com/lorenzofiamingo/swiftui-cached-async-image";
			requirement = {
				kind = upToNextMajorVersion;
				minimumVersion = 2.1.1;
			};
		};
		B6B9FE8B2BA1698D0026C268 /* XCRemoteSwiftPackageReference "Sparkle" */ = {
			isa = XCRemoteSwiftPackageReference;
			repositoryURL = "https://github.com/sparkle-project/Sparkle";
			requirement = {
				kind = upToNextMinorVersion;
				minimumVersion = 2.6.4;
			};
		};
/* End XCRemoteSwiftPackageReference section */

/* Begin XCSwiftPackageProductDependency section */
		B62B05642C0ADE7500EC087E /* Gzip */ = {
			isa = XCSwiftPackageProductDependency;
			package = B62B05632C0ADE7500EC087E /* XCRemoteSwiftPackageReference "GzipSwift" */;
			productName = Gzip;
		};
		B6527B722DE4BC63008A1264 /* DefaultCodable */ = {
			isa = XCSwiftPackageProductDependency;
			package = B6527B712DE4BC63008A1264 /* XCRemoteSwiftPackageReference "DefaultCodable" */;
			productName = DefaultCodable;
		};
		B67CD4E32E04DB1F00FC7037 /* ZIPFoundation */ = {
			isa = XCSwiftPackageProductDependency;
			package = B67CD4E22E04DB1F00FC7037 /* XCRemoteSwiftPackageReference "ZIPFoundation" */;
			productName = ZIPFoundation;
		};
		B6A1FDEA2BDF5BF000EF2180 /* CachedAsyncImage */ = {
			isa = XCSwiftPackageProductDependency;
			package = B6A1FDE92BDF5BF000EF2180 /* XCRemoteSwiftPackageReference "swiftui-cached-async-image" */;
			productName = CachedAsyncImage;
		};
		B6B9FE8C2BA1698D0026C268 /* Sparkle */ = {
			isa = XCSwiftPackageProductDependency;
			package = B6B9FE8B2BA1698D0026C268 /* XCRemoteSwiftPackageReference "Sparkle" */;
			productName = Sparkle;
		};
/* End XCSwiftPackageProductDependency section */
	};
	rootObject = 498FB3C028987F5B00405753 /* Project object */;
}
